
Microsoft Visual Studio Solution File, Format Version 12.00
# Visual Studio Version 16
VisualStudioVersion = 16.0.30128.74
MinimumVisualStudioVersion = 10.0.40219.1
Project("{FAE04EC0-301F-11D3-BF4B-00C04F79EFBC}") = "prjWinCsOperateur", "prjWinCsOperateur\prjWinCsOperateur.csproj", "{02ADB0CC-B36F-403A-A302-9FF6AFDF8B8E}"
EndProject
Global
	GlobalSection(SolutionConfigurationPlatforms) = preSolution
		Debug|Any CPU = Debug|Any CPU
		Release|Any CPU = Release|Any CPU
	EndGlobalSection
	GlobalSection(ProjectConfigurationPlatforms) = postSolution
		{02ADB0CC-B36F-403A-A302-9FF6AFDF8B8E}.Debug|Any CPU.ActiveCfg = Debug|Any CPU
		{02ADB0CC-B36F-403A-A302-9FF6AFDF8B8E}.Debug|Any CPU.Build.0 = Debug|Any CPU
		{02ADB0CC-B36F-403A-A302-9FF6AFDF8B8E}.Release|Any CPU.ActiveCfg = Release|Any CPU
		{02ADB0CC-B36F-403A-A302-9FF6AFDF8B8E}.Release|Any CPU.Build.0 = Release|Any CPU
	EndGlobalSection
	GlobalSection(SolutionProperties) = preSolution
		HideSolutionNode = FALSE
	EndGlobalSection
	GlobalSection(ExtensibilityGlobals) = postSolution
		SolutionGuid = {CD9082C8-B0FA-4D46-AA4E-00AB5EEC50E2}
	EndGlobalSection
EndGlobal
