
Microsoft Visual Studio Solution File, Format Version 12.00
# Visual Studio Version 16
VisualStudioVersion = 16.0.30128.74
MinimumVisualStudioVersion = 10.0.40219.1
Project("{FAE04EC0-301F-11D3-BF4B-00C04F79EFBC}") = "prjWinCsCoursCompletPOO", "prjWinCsCoursCompletPOO\prjWinCsCoursCompletPOO.csproj", "{EEEF9E18-DF4B-419B-A67E-C1C2D3A26328}"
EndProject
Global
	GlobalSection(SolutionConfigurationPlatforms) = preSolution
		Debug|Any CPU = Debug|Any CPU
		Release|Any CPU = Release|Any CPU
	EndGlobalSection
	GlobalSection(ProjectConfigurationPlatforms) = postSolution
		{EEEF9E18-DF4B-419B-A67E-C1C2D3A26328}.Debug|Any CPU.ActiveCfg = Debug|Any CPU
		{EEEF9E18-DF4B-419B-A67E-C1C2D3A26328}.Debug|Any CPU.Build.0 = Debug|Any CPU
		{EEEF9E18-DF4B-419B-A67E-C1C2D3A26328}.Release|Any CPU.ActiveCfg = Release|Any CPU
		{EEEF9E18-DF4B-419B-A67E-C1C2D3A26328}.Release|Any CPU.Build.0 = Release|Any CPU
	EndGlobalSection
	GlobalSection(SolutionProperties) = preSolution
		HideSolutionNode = FALSE
	EndGlobalSection
	GlobalSection(ExtensibilityGlobals) = postSolution
		SolutionGuid = {8A857061-C0DA-49AC-9392-CAB753FCB3E0}
	EndGlobalSection
EndGlobal
